// !$*UTF8*$!
{
	archiveVersion = 1;
	classes = {
	};
	objectVersion = 56;
	objects = {

/* Begin PBXBuildFile section */
		833095192948E39100E590CD /* AutoParkKgApp.swift in Sources */ = {isa = PBXBuildFile; fileRef = 833095182948E39100E590CD /* AutoParkKgApp.swift */; };
		8330951B2948E39100E590CD /* CommonView.swift in Sources */ = {isa = PBXBuildFile; fileRef = 8330951A2948E39100E590CD /* CommonView.swift */; };
		8330951D2948E39300E590CD /* Assets.xcassets in Resources */ = {isa = PBXBuildFile; fileRef = 8330951C2948E39300E590CD /* Assets.xcassets */; };
		833095202948E39300E590CD /* Preview Assets.xcassets in Resources */ = {isa = PBXBuildFile; fileRef = 8330951F2948E39300E590CD /* Preview Assets.xcassets */; };
/* End PBXBuildFile section */

/* Begin PBXFileReference section */
		833095152948E39100E590CD /* AutoParkKg.app */ = {isa = PBXFileReference; explicitFileType = wrapper.application; includeInIndex = 0; path = AutoParkKg.app; sourceTree = BUILT_PRODUCTS_DIR; };
		833095182948E39100E590CD /* AutoParkKgApp.swift */ = {isa = PBXFileReference; lastKnownFileType = sourcecode.swift; path = AutoParkKgApp.swift; sourceTree = "<group>"; };
		8330951A2948E39100E590CD /* CommonView.swift */ = {isa = PBXFileReference; lastKnownFileType = sourcecode.swift; path = CommonView.swift; sourceTree = "<group>"; };
		8330951C2948E39300E590CD /* Assets.xcassets */ = {isa = PBXFileReference; lastKnownFileType = folder.assetcatalog; path = Assets.xcassets; sourceTree = "<group>"; };
		8330951F2948E39300E590CD /* Preview Assets.xcassets */ = {isa = PBXFileReference; lastKnownFileType = folder.assetcatalog; path = "Preview Assets.xcassets"; sourceTree = "<group>"; };
/* End PBXFileReference section */

/* Begin PBXFrameworksBuildPhase section */
		833095122948E39100E590CD /* Frameworks */ = {
			isa = PBXFrameworksBuildPhase;
			buildActionMask = 2147483647;
			files = (
			);
			runOnlyForDeploymentPostprocessing = 0;
		};
/* End PBXFrameworksBuildPhase section */

/* Begin PBXGroup section */
		8330950C2948E39100E590CD = {
			isa = PBXGroup;
			children = (
				833095172948E39100E590CD /* AutoParkKg */,
				833095162948E39100E590CD /* Products */,
			);
			sourceTree = "<group>";
		};
		833095162948E39100E590CD /* Products */ = {
			isa = PBXGroup;
			children = (
				833095152948E39100E590CD /* AutoParkKg.app */,
			);
			name = Products;
			sourceTree = "<group>";
		};
		833095172948E39100E590CD /* AutoParkKg */ = {
			isa = PBXGroup;
			children = (
				833095262948E95300E590CD /* App */,
				833095282948E98200E590CD /* Model */,
				833095272948E96100E590CD /* Resources */,
				833095292948E98A00E590CD /* Workflow */,
			);
			path = AutoParkKg;
			sourceTree = "<group>";
		};
		8330951E2948E39300E590CD /* Preview Content */ = {
			isa = PBXGroup;
			children = (
				8330951F2948E39300E590CD /* Preview Assets.xcassets */,
			);
			path = "Preview Content";
			sourceTree = "<group>";
		};
		833095262948E95300E590CD /* App */ = {
			isa = PBXGroup;
			children = (
				833095182948E39100E590CD /* AutoParkKgApp.swift */,
			);
			path = App;
			sourceTree = "<group>";
		};
		833095272948E96100E590CD /* Resources */ = {
			isa = PBXGroup;
			children = (
				8330951C2948E39300E590CD /* Assets.xcassets */,
				8330951E2948E39300E590CD /* Preview Content */,
			);
			path = Resources;
			sourceTree = "<group>";
		};
		833095282948E98200E590CD /* Model */ = {
			isa = PBXGroup;
			children = (
			);
			path = Model;
			sourceTree = "<group>";
		};
		833095292948E98A00E590CD /* Workflow */ = {
			isa = PBXGroup;
			children = (
				8330952E2948E9E700E590CD /* Common Workflow */,
				8330952B2948E9C700E590CD /* Authorized Workflow */,
				8330952A2948E9B800E590CD /* Unauthorized Workflow */,
			);
			path = Workflow;
			sourceTree = "<group>";
		};
		8330952A2948E9B800E590CD /* Unauthorized Workflow */ = {
			isa = PBXGroup;
			children = (
				8330952D2948E9E000E590CD /* Authorization Workflow */,
				8330952C2948E9D700E590CD /* Registration Workflow */,
			);
			path = "Unauthorized Workflow";
			sourceTree = "<group>";
		};
		8330952B2948E9C700E590CD /* Authorized Workflow */ = {
			isa = PBXGroup;
			children = (
			);
			path = "Authorized Workflow";
			sourceTree = "<group>";
		};
		8330952C2948E9D700E590CD /* Registration Workflow */ = {
			isa = PBXGroup;
			children = (
			);
			path = "Registration Workflow";
			sourceTree = "<group>";
		};
		8330952D2948E9E000E590CD /* Authorization Workflow */ = {
			isa = PBXGroup;
			children = (
			);
			path = "Authorization Workflow";
			sourceTree = "<group>";
		};
		8330952E2948E9E700E590CD /* Common Workflow */ = {
			isa = PBXGroup;
			children = (
				8330951A2948E39100E590CD /* CommonView.swift */,
			);
			path = "Common Workflow";
			sourceTree = "<group>";
		};
/* End PBXGroup section */

/* Begin PBXNativeTarget section */
		833095142948E39100E590CD /* AutoParkKg */ = {
			isa = PBXNativeTarget;
			buildConfigurationList = 833095232948E39300E590CD /* Build configuration list for PBXNativeTarget "AutoParkKg" */;
			buildPhases = (
				833095112948E39100E590CD /* Sources */,
				833095122948E39100E590CD /* Frameworks */,
				833095132948E39100E590CD /* Resources */,
			);
			buildRules = (
			);
			dependencies = (
			);
			name = AutoParkKg;
			productName = AutoParkKg;
			productReference = 833095152948E39100E590CD /* AutoParkKg.app */;
			productType = "com.apple.product-type.application";
		};
/* End PBXNativeTarget section */

/* Begin PBXProject section */
		8330950D2948E39100E590CD /* Project object */ = {
			isa = PBXProject;
			attributes = {
				BuildIndependentTargetsInParallel = 1;
				LastSwiftUpdateCheck = 1400;
				LastUpgradeCheck = 1400;
				TargetAttributes = {
					833095142948E39100E590CD = {
						CreatedOnToolsVersion = 14.0.1;
					};
				};
			};
			buildConfigurationList = 833095102948E39100E590CD /* Build configuration list for PBXProject "AutoParkKg" */;
			compatibilityVersion = "Xcode 14.0";
			developmentRegion = en;
			hasScannedForEncodings = 0;
			knownRegions = (
				en,
				Base,
			);
			mainGroup = 8330950C2948E39100E590CD;
			productRefGroup = 833095162948E39100E590CD /* Products */;
			projectDirPath = "";
			projectRoot = "";
			targets = (
				833095142948E39100E590CD /* AutoParkKg */,
			);
		};
/* End PBXProject section */

/* Begin PBXResourcesBuildPhase section */
		833095132948E39100E590CD /* Resources */ = {
			isa = PBXResourcesBuildPhase;
			buildActionMask = 2147483647;
			files = (
				833095202948E39300E590CD /* Preview Assets.xcassets in Resources */,
				8330951D2948E39300E590CD /* Assets.xcassets in Resources */,
			);
			runOnlyForDeploymentPostprocessing = 0;
		};
/* End PBXResourcesBuildPhase section */

/* Begin PBXSourcesBuildPhase section */
		833095112948E39100E590CD /* Sources */ = {
			isa = PBXSourcesBuildPhase;
			buildActionMask = 2147483647;
			files = (
				8330951B2948E39100E590CD /* CommonView.swift in Sources */,
				833095192948E39100E590CD /* AutoParkKgApp.swift in Sources */,
			);
			runOnlyForDeploymentPostprocessing = 0;
		};
/* End PBXSourcesBuildPhase section */

/* Begin XCBuildConfiguration section */
		833095212948E39300E590CD /* Debug */ = {
			isa = XCBuildConfiguration;
			buildSettings = {
				ALWAYS_SEARCH_USER_PATHS = NO;
				CLANG_ANALYZER_NONNULL = YES;
				CLANG_ANALYZER_NUMBER_OBJECT_CONVERSION = YES_AGGRESSIVE;
				CLANG_CXX_LANGUAGE_STANDARD = "gnu++20";
				CLANG_ENABLE_MODULES = YES;
				CLANG_ENABLE_OBJC_ARC = YES;
				CLANG_ENABLE_OBJC_WEAK = YES;
				CLANG_WARN_BLOCK_CAPTURE_AUTORELEASING = YES;
				CLANG_WARN_BOOL_CONVERSION = YES;
				CLANG_WARN_COMMA = YES;
				CLANG_WARN_CONSTANT_CONVERSION = YES;
				CLANG_WARN_DEPRECATED_OBJC_IMPLEMENTATIONS = YES;
				CLANG_WARN_DIRECT_OBJC_ISA_USAGE = YES_ERROR;
				CLANG_WARN_DOCUMENTATION_COMMENTS = YES;
				CLANG_WARN_EMPTY_BODY = YES;
				CLANG_WARN_ENUM_CONVERSION = YES;
				CLANG_WARN_INFINITE_RECURSION = YES;
				CLANG_WARN_INT_CONVERSION = YES;
				CLANG_WARN_NON_LITERAL_NULL_CONVERSION = YES;
				CLANG_WARN_OBJC_IMPLICIT_RETAIN_SELF = YES;
				CLANG_WARN_OBJC_LITERAL_CONVERSION = YES;
				CLANG_WARN_OBJC_ROOT_CLASS = YES_ERROR;
				CLANG_WARN_QUOTED_INCLUDE_IN_FRAMEWORK_HEADER = YES;
				CLANG_WARN_RANGE_LOOP_ANALYSIS = YES;
				CLANG_WARN_STRICT_PROTOTYPES = YES;
				CLANG_WARN_SUSPICIOUS_MOVE = YES;
				CLANG_WARN_UNGUARDED_AVAILABILITY = YES_AGGRESSIVE;
				CLANG_WARN_UNREACHABLE_CODE = YES;
				CLANG_WARN__DUPLICATE_METHOD_MATCH = YES;
				COPY_PHASE_STRIP = NO;
				DEBUG_INFORMATION_FORMAT = dwarf;
				ENABLE_STRICT_OBJC_MSGSEND = YES;
				ENABLE_TESTABILITY = YES;
				GCC_C_LANGUAGE_STANDARD = gnu11;
				GCC_DYNAMIC_NO_PIC = NO;
				GCC_NO_COMMON_BLOCKS = YES;
				GCC_OPTIMIZATION_LEVEL = 0;
				GCC_PREPROCESSOR_DEFINITIONS = (
					"DEBUG=1",
					"$(inherited)",
				);
				GCC_WARN_64_TO_32_BIT_CONVERSION = YES;
				GCC_WARN_ABOUT_RETURN_TYPE = YES_ERROR;
				GCC_WARN_UNDECLARED_SELECTOR = YES;
				GCC_WARN_UNINITIALIZED_AUTOS = YES_AGGRESSIVE;
				GCC_WARN_UNUSED_FUNCTION = YES;
				GCC_WARN_UNUSED_VARIABLE = YES;
				IPHONEOS_DEPLOYMENT_TARGET = 16.0;
				MTL_ENABLE_DEBUG_INFO = INCLUDE_SOURCE;
				MTL_FAST_MATH = YES;
				ONLY_ACTIVE_ARCH = YES;
				SDKROOT = iphoneos;
				SWIFT_ACTIVE_COMPILATION_CONDITIONS = DEBUG;
				SWIFT_OPTIMIZATION_LEVEL = "-Onone";
			};
			name = Debug;
		};
		833095222948E39300E590CD /* Release */ = {
			isa = XCBuildConfiguration;
			buildSettings = {
				ALWAYS_SEARCH_USER_PATHS = NO;
				CLANG_ANALYZER_NONNULL = YES;
				CLANG_ANALYZER_NUMBER_OBJECT_CONVERSION = YES_AGGRESSIVE;
				CLANG_CXX_LANGUAGE_STANDARD = "gnu++20";
				CLANG_ENABLE_MODULES = YES;
				CLANG_ENABLE_OBJC_ARC = YES;
				CLANG_ENABLE_OBJC_WEAK = YES;
				CLANG_WARN_BLOCK_CAPTURE_AUTORELEASING = YES;
				CLANG_WARN_BOOL_CONVERSION = YES;
				CLANG_WARN_COMMA = YES;
				CLANG_WARN_CONSTANT_CONVERSION = YES;
				CLANG_WARN_DEPRECATED_OBJC_IMPLEMENTATIONS = YES;
				CLANG_WARN_DIRECT_OBJC_ISA_USAGE = YES_ERROR;
				CLANG_WARN_DOCUMENTATION_COMMENTS = YES;
				CLANG_WARN_EMPTY_BODY = YES;
				CLANG_WARN_ENUM_CONVERSION = YES;
				CLANG_WARN_INFINITE_RECURSION = YES;
				CLANG_WARN_INT_CONVERSION = YES;
				CLANG_WARN_NON_LITERAL_NULL_CONVERSION = YES;
				CLANG_WARN_OBJC_IMPLICIT_RETAIN_SELF = YES;
				CLANG_WARN_OBJC_LITERAL_CONVERSION = YES;
				CLANG_WARN_OBJC_ROOT_CLASS = YES_ERROR;
				CLANG_WARN_QUOTED_INCLUDE_IN_FRAMEWORK_HEADER = YES;
				CLANG_WARN_RANGE_LOOP_ANALYSIS = YES;
				CLANG_WARN_STRICT_PROTOTYPES = YES;
				CLANG_WARN_SUSPICIOUS_MOVE = YES;
				CLANG_WARN_UNGUARDED_AVAILABILITY = YES_AGGRESSIVE;
				CLANG_WARN_UNREACHABLE_CODE = YES;
				CLANG_WARN__DUPLICATE_METHOD_MATCH = YES;
				COPY_PHASE_STRIP = NO;
				DEBUG_INFORMATION_FORMAT = "dwarf-with-dsym";
				ENABLE_NS_ASSERTIONS = NO;
				ENABLE_STRICT_OBJC_MSGSEND = YES;
				GCC_C_LANGUAGE_STANDARD = gnu11;
				GCC_NO_COMMON_BLOCKS = YES;
				GCC_WARN_64_TO_32_BIT_CONVERSION = YES;
				GCC_WARN_ABOUT_RETURN_TYPE = YES_ERROR;
				GCC_WARN_UNDECLARED_SELECTOR = YES;
				GCC_WARN_UNINITIALIZED_AUTOS = YES_AGGRESSIVE;
				GCC_WARN_UNUSED_FUNCTION = YES;
				GCC_WARN_UNUSED_VARIABLE = YES;
				IPHONEOS_DEPLOYMENT_TARGET = 16.0;
				MTL_ENABLE_DEBUG_INFO = NO;
				MTL_FAST_MATH = YES;
				SDKROOT = iphoneos;
				SWIFT_COMPILATION_MODE = wholemodule;
				SWIFT_OPTIMIZATION_LEVEL = "-O";
				VALIDATE_PRODUCT = YES;
			};
			name = Release;
		};
		833095242948E39300E590CD /* Debug */ = {
			isa = XCBuildConfiguration;
			buildSettings = {
				ASSETCATALOG_COMPILER_APPICON_NAME = AppIcon;
				ASSETCATALOG_COMPILER_GLOBAL_ACCENT_COLOR_NAME = AccentColor;
				CODE_SIGN_STYLE = Automatic;
				CURRENT_PROJECT_VERSION = 1;
				DEVELOPMENT_ASSET_PATHS = "\"AutoParkKg/Resources/Preview Content\"";
				DEVELOPMENT_TEAM = 57ZJPHWU8J;
				ENABLE_PREVIEWS = YES;
				GENERATE_INFOPLIST_FILE = YES;
				INFOPLIST_KEY_UIApplicationSceneManifest_Generation = YES;
				INFOPLIST_KEY_UIApplicationSupportsIndirectInputEvents = YES;
				INFOPLIST_KEY_UILaunchScreen_Generation = YES;
				INFOPLIST_KEY_UISupportedInterfaceOrientations_iPad = "UIInterfaceOrientationPortrait UIInterfaceOrientationPortraitUpsideDown UIInterfaceOrientationLandscapeLeft UIInterfaceOrientationLandscapeRight";
				INFOPLIST_KEY_UISupportedInterfaceOrientations_iPhone = "UIInterfaceOrientationPortrait UIInterfaceOrientationLandscapeLeft UIInterfaceOrientationLandscapeRight";
				LD_RUNPATH_SEARCH_PATHS = (
					"$(inherited)",
					"@executable_path/Frameworks",
				);
				MARKETING_VERSION = 1.0;
				PRODUCT_BUNDLE_IDENTIFIER = ostep.AutoParkKg;
				PRODUCT_NAME = "$(TARGET_NAME)";
				SWIFT_EMIT_LOC_STRINGS = YES;
				SWIFT_VERSION = 5.0;
				TARGETED_DEVICE_FAMILY = "1,2";
			};
			name = Debug;
		};
		833095252948E39300E590CD /* Release */ = {
			isa = XCBuildConfiguration;
			buildSettings = {
				ASSETCATALOG_COMPILER_APPICON_NAME = AppIcon;
				ASSETCATALOG_COMPILER_GLOBAL_ACCENT_COLOR_NAME = AccentColor;
				CODE_SIGN_STYLE = Automatic;
				CURRENT_PROJECT_VERSION = 1;
				DEVELOPMENT_ASSET_PATHS = "\"AutoParkKg/Resources/Preview Content\"";
				DEVELOPMENT_TEAM = 57ZJPHWU8J;
				ENABLE_PREVIEWS = YES;
				GENERATE_INFOPLIST_FILE = YES;
				INFOPLIST_KEY_UIApplicationSceneManifest_Generation = YES;
				INFOPLIST_KEY_UIApplicationSupportsIndirectInputEvents = YES;
				INFOPLIST_KEY_UILaunchScreen_Generation = YES;
				INFOPLIST_KEY_UISupportedInterfaceOrientations_iPad = "UIInterfaceOrientationPortrait UIInterfaceOrientationPortraitUpsideDown UIInterfaceOrientationLandscapeLeft UIInterfaceOrientationLandscapeRight";
				INFOPLIST_KEY_UISupportedInterfaceOrientations_iPhone = "UIInterfaceOrientationPortrait UIInterfaceOrientationLandscapeLeft UIInterfaceOrientationLandscapeRight";
				LD_RUNPATH_SEARCH_PATHS = (
					"$(inherited)",
					"@executable_path/Frameworks",
				);
				MARKETING_VERSION = 1.0;
				PRODUCT_BUNDLE_IDENTIFIER = ostep.AutoParkKg;
				PRODUCT_NAME = "$(TARGET_NAME)";
				SWIFT_EMIT_LOC_STRINGS = YES;
				SWIFT_VERSION = 5.0;
				TARGETED_DEVICE_FAMILY = "1,2";
			};
			name = Release;
		};
/* End XCBuildConfiguration section */

/* Begin XCConfigurationList section */
		833095102948E39100E590CD /* Build configuration list for PBXProject "AutoParkKg" */ = {
			isa = XCConfigurationList;
			buildConfigurations = (
				833095212948E39300E590CD /* Debug */,
				833095222948E39300E590CD /* Release */,
			);
			defaultConfigurationIsVisible = 0;
			defaultConfigurationName = Release;
		};
		833095232948E39300E590CD /* Build configuration list for PBXNativeTarget "AutoParkKg" */ = {
			isa = XCConfigurationList;
			buildConfigurations = (
				833095242948E39300E590CD /* Debug */,
				833095252948E39300E590CD /* Release */,
			);
			defaultConfigurationIsVisible = 0;
			defaultConfigurationName = Release;
		};
/* End XCConfigurationList section */
	};
	rootObject = 8330950D2948E39100E590CD /* Project object */;
}
